
Microsoft Visual Studio Solution File, Format Version 12.00
# Visual Studio Version 17
VisualStudioVersion = 17.6.33829.357
MinimumVisualStudioVersion = 10.0.40219.1
Project("{FAE04EC0-301F-11D3-BF4B-00C04F79EFBC}") = "ass4_2", "ass4_2\ass4_2.csproj", "{EA704A09-13B0-444C-A2D8-C186907817B8}"
EndProject
Global
	GlobalSection(SolutionConfigurationPlatforms) = preSolution
		Debug|Any CPU = Debug|Any CPU
		Release|Any CPU = Release|Any CPU
	EndGlobalSection
	GlobalSection(ProjectConfigurationPlatforms) = postSolution
		{EA704A09-13B0-444C-A2D8-C186907817B8}.Debug|Any CPU.ActiveCfg = Debug|Any CPU
		{EA704A09-13B0-444C-A2D8-C186907817B8}.Debug|Any CPU.Build.0 = Debug|Any CPU
		{EA704A09-13B0-444C-A2D8-C186907817B8}.Release|Any CPU.ActiveCfg = Release|Any CPU
		{EA704A09-13B0-444C-A2D8-C186907817B8}.Release|Any CPU.Build.0 = Release|Any CPU
	EndGlobalSection
	GlobalSection(SolutionProperties) = preSolution
		HideSolutionNode = FALSE
	EndGlobalSection
	GlobalSection(ExtensibilityGlobals) = postSolution
		SolutionGuid = {D512171C-AE30-477A-BF3D-F749F5FFC8DE}
	EndGlobalSection
EndGlobal
